
Microsoft Visual Studio Solution File, Format Version 12.00
Project("{2150E333-8FDC-42A3-9474-1A3956D46DE8}") = "CS01", "CS01", "{40AD6C55-7A9F-4AB3-9BDE-5FEE8F964CDA}"
EndProject
Project("{FAE04EC0-301F-11D3-BF4B-00C04F79EFBC}") = "CS01_Task1", "CS01_Task1\CS01_Task1.csproj", "{C73606D5-E4F0-4F8E-8FB9-9FE41A8B7FFA}"
EndProject
Project("{FAE04EC0-301F-11D3-BF4B-00C04F79EFBC}") = "CS01_Task2", "CS01_Task2\CS01_Task2.csproj", "{6CCDA499-63E1-42A2-913C-0B2AC09A225A}"
EndProject
Project("{FAE04EC0-301F-11D3-BF4B-00C04F79EFBC}") = "CS01_Task3", "CS01_Task3\CS01_Task3.csproj", "{B24FB60A-E640-4A66-8A37-EBAFB4C17958}"
EndProject
Project("{2150E333-8FDC-42A3-9474-1A3956D46DE8}") = "CS02", "CS02", "{8A35D284-381A-4274-B657-671A5D7E1E75}"
EndProject
Project("{FAE04EC0-301F-11D3-BF4B-00C04F79EFBC}") = "CS02_Task1", "CS02_Task1\CS02_Task1.csproj", "{B51AB430-95C1-46F9-871D-6E90CCBC5122}"
EndProject
Project("{FAE04EC0-301F-11D3-BF4B-00C04F79EFBC}") = "CS02_Task2", "CS02_Task2\CS02_Task2.csproj", "{CA835AE0-5350-4CEF-8907-C0EDBB33A942}"
EndProject
Project("{2150E333-8FDC-42A3-9474-1A3956D46DE8}") = "CS03", "CS03", "{FA292A97-6839-4028-BC51-576343FABDCB}"
EndProject
Project("{FAE04EC0-301F-11D3-BF4B-00C04F79EFBC}") = "CS03_Task1", "CS03_Task1\CS03_Task1.csproj", "{14272DBF-7225-44AD-B1CE-163064B67B14}"
EndProject
Project("{FAE04EC0-301F-11D3-BF4B-00C04F79EFBC}") = "CS03_Task2", "CS03_Task2\CS03_Task2.csproj", "{F1DC4EBF-F502-401A-8A96-AECE4F773EF5}"
EndProject
Project("{FAE04EC0-301F-11D3-BF4B-00C04F79EFBC}") = "CS04_Task1", "CS04_Task1\CS04_Task1.csproj", "{95306586-3D3F-4A40-9F53-E4255F73A2AB}"
EndProject
Project("{2150E333-8FDC-42A3-9474-1A3956D46DE8}") = "CS04", "CS04", "{BCFEB4FD-8E92-4BB9-BCA8-3A9A0F63A6F9}"
EndProject
Project("{FAE04EC0-301F-11D3-BF4B-00C04F79EFBC}") = "CS04_Task2", "CS04_Task2\CS04_Task2.csproj", "{2AA93089-E113-4203-8BD0-0F9BE98F7DC7}"
EndProject
Project("{FAE04EC0-301F-11D3-BF4B-00C04F79EFBC}") = "CS04_Task3", "CS04_Task3\CS04_Task3.csproj", "{A0EF0844-5753-4A3B-918A-C5F9836D4897}"
EndProject
Project("{2150E333-8FDC-42A3-9474-1A3956D46DE8}") = "CS05", "CS05", "{2B052B7D-679C-486C-A95C-303DEE07D214}"
EndProject
Project("{FAE04EC0-301F-11D3-BF4B-00C04F79EFBC}") = "CS05_Task1", "CS05_Task1\CS05_Task1.csproj", "{5F6B8133-95ED-4097-9593-EB204978F64C}"
EndProject
Project("{FAE04EC0-301F-11D3-BF4B-00C04F79EFBC}") = "CS05_Task2", "CS05_Task2\CS05_Task2.csproj", "{3883ABEF-80AA-4E73-BD92-A99A452EEC42}"
EndProject
Project("{FAE04EC0-301F-11D3-BF4B-00C04F79EFBC}") = "CS05_Task3", "CS05_Task3\CS05_Task3.csproj", "{4DDA40A5-B261-4626-9F53-BCD2AAB73881}"
EndProject
Global
	GlobalSection(SolutionConfigurationPlatforms) = preSolution
		Debug|Any CPU = Debug|Any CPU
		Release|Any CPU = Release|Any CPU
	EndGlobalSection
	GlobalSection(ProjectConfigurationPlatforms) = postSolution
		{C73606D5-E4F0-4F8E-8FB9-9FE41A8B7FFA}.Debug|Any CPU.ActiveCfg = Debug|Any CPU
		{C73606D5-E4F0-4F8E-8FB9-9FE41A8B7FFA}.Debug|Any CPU.Build.0 = Debug|Any CPU
		{C73606D5-E4F0-4F8E-8FB9-9FE41A8B7FFA}.Release|Any CPU.ActiveCfg = Release|Any CPU
		{C73606D5-E4F0-4F8E-8FB9-9FE41A8B7FFA}.Release|Any CPU.Build.0 = Release|Any CPU
		{6CCDA499-63E1-42A2-913C-0B2AC09A225A}.Debug|Any CPU.ActiveCfg = Debug|Any CPU
		{6CCDA499-63E1-42A2-913C-0B2AC09A225A}.Debug|Any CPU.Build.0 = Debug|Any CPU
		{6CCDA499-63E1-42A2-913C-0B2AC09A225A}.Release|Any CPU.ActiveCfg = Release|Any CPU
		{6CCDA499-63E1-42A2-913C-0B2AC09A225A}.Release|Any CPU.Build.0 = Release|Any CPU
		{B24FB60A-E640-4A66-8A37-EBAFB4C17958}.Debug|Any CPU.ActiveCfg = Debug|Any CPU
		{B24FB60A-E640-4A66-8A37-EBAFB4C17958}.Debug|Any CPU.Build.0 = Debug|Any CPU
		{B24FB60A-E640-4A66-8A37-EBAFB4C17958}.Release|Any CPU.ActiveCfg = Release|Any CPU
		{B24FB60A-E640-4A66-8A37-EBAFB4C17958}.Release|Any CPU.Build.0 = Release|Any CPU
		{B51AB430-95C1-46F9-871D-6E90CCBC5122}.Debug|Any CPU.ActiveCfg = Debug|Any CPU
		{B51AB430-95C1-46F9-871D-6E90CCBC5122}.Debug|Any CPU.Build.0 = Debug|Any CPU
		{B51AB430-95C1-46F9-871D-6E90CCBC5122}.Release|Any CPU.ActiveCfg = Release|Any CPU
		{B51AB430-95C1-46F9-871D-6E90CCBC5122}.Release|Any CPU.Build.0 = Release|Any CPU
		{CA835AE0-5350-4CEF-8907-C0EDBB33A942}.Debug|Any CPU.ActiveCfg = Debug|Any CPU
		{CA835AE0-5350-4CEF-8907-C0EDBB33A942}.Debug|Any CPU.Build.0 = Debug|Any CPU
		{CA835AE0-5350-4CEF-8907-C0EDBB33A942}.Release|Any CPU.ActiveCfg = Release|Any CPU
		{CA835AE0-5350-4CEF-8907-C0EDBB33A942}.Release|Any CPU.Build.0 = Release|Any CPU
		{14272DBF-7225-44AD-B1CE-163064B67B14}.Debug|Any CPU.ActiveCfg = Debug|Any CPU
		{14272DBF-7225-44AD-B1CE-163064B67B14}.Debug|Any CPU.Build.0 = Debug|Any CPU
		{14272DBF-7225-44AD-B1CE-163064B67B14}.Release|Any CPU.ActiveCfg = Release|Any CPU
		{14272DBF-7225-44AD-B1CE-163064B67B14}.Release|Any CPU.Build.0 = Release|Any CPU
		{F1DC4EBF-F502-401A-8A96-AECE4F773EF5}.Debug|Any CPU.ActiveCfg = Debug|Any CPU
		{F1DC4EBF-F502-401A-8A96-AECE4F773EF5}.Debug|Any CPU.Build.0 = Debug|Any CPU
		{F1DC4EBF-F502-401A-8A96-AECE4F773EF5}.Release|Any CPU.ActiveCfg = Release|Any CPU
		{F1DC4EBF-F502-401A-8A96-AECE4F773EF5}.Release|Any CPU.Build.0 = Release|Any CPU
		{95306586-3D3F-4A40-9F53-E4255F73A2AB}.Debug|Any CPU.ActiveCfg = Debug|Any CPU
		{95306586-3D3F-4A40-9F53-E4255F73A2AB}.Debug|Any CPU.Build.0 = Debug|Any CPU
		{95306586-3D3F-4A40-9F53-E4255F73A2AB}.Release|Any CPU.ActiveCfg = Release|Any CPU
		{95306586-3D3F-4A40-9F53-E4255F73A2AB}.Release|Any CPU.Build.0 = Release|Any CPU
		{2AA93089-E113-4203-8BD0-0F9BE98F7DC7}.Debug|Any CPU.ActiveCfg = Debug|Any CPU
		{2AA93089-E113-4203-8BD0-0F9BE98F7DC7}.Debug|Any CPU.Build.0 = Debug|Any CPU
		{2AA93089-E113-4203-8BD0-0F9BE98F7DC7}.Release|Any CPU.ActiveCfg = Release|Any CPU
		{2AA93089-E113-4203-8BD0-0F9BE98F7DC7}.Release|Any CPU.Build.0 = Release|Any CPU
		{A0EF0844-5753-4A3B-918A-C5F9836D4897}.Debug|Any CPU.ActiveCfg = Debug|Any CPU
		{A0EF0844-5753-4A3B-918A-C5F9836D4897}.Debug|Any CPU.Build.0 = Debug|Any CPU
		{A0EF0844-5753-4A3B-918A-C5F9836D4897}.Release|Any CPU.ActiveCfg = Release|Any CPU
		{A0EF0844-5753-4A3B-918A-C5F9836D4897}.Release|Any CPU.Build.0 = Release|Any CPU
		{5F6B8133-95ED-4097-9593-EB204978F64C}.Debug|Any CPU.ActiveCfg = Debug|Any CPU
		{5F6B8133-95ED-4097-9593-EB204978F64C}.Debug|Any CPU.Build.0 = Debug|Any CPU
		{5F6B8133-95ED-4097-9593-EB204978F64C}.Release|Any CPU.ActiveCfg = Release|Any CPU
		{5F6B8133-95ED-4097-9593-EB204978F64C}.Release|Any CPU.Build.0 = Release|Any CPU
		{3883ABEF-80AA-4E73-BD92-A99A452EEC42}.Debug|Any CPU.ActiveCfg = Debug|Any CPU
		{3883ABEF-80AA-4E73-BD92-A99A452EEC42}.Debug|Any CPU.Build.0 = Debug|Any CPU
		{3883ABEF-80AA-4E73-BD92-A99A452EEC42}.Release|Any CPU.ActiveCfg = Release|Any CPU
		{3883ABEF-80AA-4E73-BD92-A99A452EEC42}.Release|Any CPU.Build.0 = Release|Any CPU
		{4DDA40A5-B261-4626-9F53-BCD2AAB73881}.Debug|Any CPU.ActiveCfg = Debug|Any CPU
		{4DDA40A5-B261-4626-9F53-BCD2AAB73881}.Debug|Any CPU.Build.0 = Debug|Any CPU
		{4DDA40A5-B261-4626-9F53-BCD2AAB73881}.Release|Any CPU.ActiveCfg = Release|Any CPU
		{4DDA40A5-B261-4626-9F53-BCD2AAB73881}.Release|Any CPU.Build.0 = Release|Any CPU
	EndGlobalSection
	GlobalSection(NestedProjects) = preSolution
		{C73606D5-E4F0-4F8E-8FB9-9FE41A8B7FFA} = {40AD6C55-7A9F-4AB3-9BDE-5FEE8F964CDA}
		{6CCDA499-63E1-42A2-913C-0B2AC09A225A} = {40AD6C55-7A9F-4AB3-9BDE-5FEE8F964CDA}
		{B24FB60A-E640-4A66-8A37-EBAFB4C17958} = {40AD6C55-7A9F-4AB3-9BDE-5FEE8F964CDA}
		{B51AB430-95C1-46F9-871D-6E90CCBC5122} = {8A35D284-381A-4274-B657-671A5D7E1E75}
		{CA835AE0-5350-4CEF-8907-C0EDBB33A942} = {8A35D284-381A-4274-B657-671A5D7E1E75}
		{14272DBF-7225-44AD-B1CE-163064B67B14} = {FA292A97-6839-4028-BC51-576343FABDCB}
		{F1DC4EBF-F502-401A-8A96-AECE4F773EF5} = {FA292A97-6839-4028-BC51-576343FABDCB}
		{95306586-3D3F-4A40-9F53-E4255F73A2AB} = {BCFEB4FD-8E92-4BB9-BCA8-3A9A0F63A6F9}
		{2AA93089-E113-4203-8BD0-0F9BE98F7DC7} = {BCFEB4FD-8E92-4BB9-BCA8-3A9A0F63A6F9}
		{A0EF0844-5753-4A3B-918A-C5F9836D4897} = {BCFEB4FD-8E92-4BB9-BCA8-3A9A0F63A6F9}
		{5F6B8133-95ED-4097-9593-EB204978F64C} = {2B052B7D-679C-486C-A95C-303DEE07D214}
		{3883ABEF-80AA-4E73-BD92-A99A452EEC42} = {2B052B7D-679C-486C-A95C-303DEE07D214}
		{4DDA40A5-B261-4626-9F53-BCD2AAB73881} = {2B052B7D-679C-486C-A95C-303DEE07D214}
	EndGlobalSection
EndGlobal
