
Microsoft Visual Studio Solution File, Format Version 12.00
Project("{FAE04EC0-301F-11D3-BF4B-00C04F79EFBC}") = "CS01-Task1", "CS01-Task1\CS01-Task1.csproj", "{EA60350C-00DF-4D31-ADE7-88163CE8933F}"
EndProject
Project("{FAE04EC0-301F-11D3-BF4B-00C04F79EFBC}") = "CS01-Task2", "CS01-Task2\CS01-Task2.csproj", "{2F525716-C7C3-4D21-9E9A-5199BC168E7F}"
EndProject
Project("{FAE04EC0-301F-11D3-BF4B-00C04F79EFBC}") = "CS01-Task3", "CS01-Task3\CS01-Task3.csproj", "{B2672140-46F1-480A-A4B4-74DCDA933C01}"
EndProject
Global
	GlobalSection(SolutionConfigurationPlatforms) = preSolution
		Debug|Any CPU = Debug|Any CPU
		Release|Any CPU = Release|Any CPU
	EndGlobalSection
	GlobalSection(ProjectConfigurationPlatforms) = postSolution
		{EA60350C-00DF-4D31-ADE7-88163CE8933F}.Debug|Any CPU.ActiveCfg = Debug|Any CPU
		{EA60350C-00DF-4D31-ADE7-88163CE8933F}.Debug|Any CPU.Build.0 = Debug|Any CPU
		{EA60350C-00DF-4D31-ADE7-88163CE8933F}.Release|Any CPU.ActiveCfg = Release|Any CPU
		{EA60350C-00DF-4D31-ADE7-88163CE8933F}.Release|Any CPU.Build.0 = Release|Any CPU
		{2F525716-C7C3-4D21-9E9A-5199BC168E7F}.Debug|Any CPU.ActiveCfg = Debug|Any CPU
		{2F525716-C7C3-4D21-9E9A-5199BC168E7F}.Debug|Any CPU.Build.0 = Debug|Any CPU
		{2F525716-C7C3-4D21-9E9A-5199BC168E7F}.Release|Any CPU.ActiveCfg = Release|Any CPU
		{2F525716-C7C3-4D21-9E9A-5199BC168E7F}.Release|Any CPU.Build.0 = Release|Any CPU
		{B2672140-46F1-480A-A4B4-74DCDA933C01}.Debug|Any CPU.ActiveCfg = Debug|Any CPU
		{B2672140-46F1-480A-A4B4-74DCDA933C01}.Debug|Any CPU.Build.0 = Debug|Any CPU
		{B2672140-46F1-480A-A4B4-74DCDA933C01}.Release|Any CPU.ActiveCfg = Release|Any CPU
		{B2672140-46F1-480A-A4B4-74DCDA933C01}.Release|Any CPU.Build.0 = Release|Any CPU
	EndGlobalSection
EndGlobal
